{
  "name": "docs",
  "lockfileVersion": 3,
  "requires": true,
  "packages": {
    "": {
      "dependencies": {
        "fern-api": "^0.55.1"
      }
    },
    "node_modules/fern-api": {
      "version": "0.55.1",
      "resolved": "https://registry.npmjs.org/fern-api/-/fern-api-0.55.1.tgz",
      "integrity": "sha512-EB+Pkj1Wynbkc49DD94q/2sjuhJcrL704usMVgcJEwBY4wkGbGPJrgEFtagz70krfovuIng4+0HPjYdObe24ng==",
      "bin": {
        "fern": "cli.cjs"
      }
    }
  }
}
